// !$*UTF8*$!
{
	archiveVersion = 1;
	classes = {
	};
	objectVersion = 50;
	objects = {

/* Begin PBXBuildFile section */
		93069B012658EC4F00525E08 /* FeedViewController.swift in Sources */ = {isa = PBXBuildFile; fileRef = 93069B002658EC4F00525E08 /* FeedViewController.swift */; };
		93069B032658FBA800525E08 /* MenuViewController.swift in Sources */ = {isa = PBXBuildFile; fileRef = 93069B022658FBA800525E08 /* MenuViewController.swift */; };
		93069B052659011600525E08 /* FeedTableViewCell.swift in Sources */ = {isa = PBXBuildFile; fileRef = 93069B042659011600525E08 /* FeedTableViewCell.swift */; };
		930B9BFF265396EC008569B2 /* AppDelegate.swift in Sources */ = {isa = PBXBuildFile; fileRef = 930B9BFE265396EC008569B2 /* AppDelegate.swift */; };
		930B9C01265396EC008569B2 /* SceneDelegate.swift in Sources */ = {isa = PBXBuildFile; fileRef = 930B9C00265396EC008569B2 /* SceneDelegate.swift */; };
		930B9C03265396EC008569B2 /* EditorViewController.swift in Sources */ = {isa = PBXBuildFile; fileRef = 930B9C02265396EC008569B2 /* EditorViewController.swift */; };
		930B9C08265396F2008569B2 /* Assets.xcassets in Resources */ = {isa = PBXBuildFile; fileRef = 930B9C07265396F2008569B2 /* Assets.xcassets */; };
		930B9C0B265396F2008569B2 /* LaunchScreen.storyboard in Resources */ = {isa = PBXBuildFile; fileRef = 930B9C09265396F2008569B2 /* LaunchScreen.storyboard */; };
		937E5C122657AFF600103054 /* CustomAlertView.swift in Sources */ = {isa = PBXBuildFile; fileRef = 937E5C112657AFF600103054 /* CustomAlertView.swift */; };
/* End PBXBuildFile section */

/* Begin PBXFileReference section */
		93069B002658EC4F00525E08 /* FeedViewController.swift */ = {isa = PBXFileReference; lastKnownFileType = sourcecode.swift; path = FeedViewController.swift; sourceTree = "<group>"; };
		93069B022658FBA800525E08 /* MenuViewController.swift */ = {isa = PBXFileReference; lastKnownFileType = sourcecode.swift; path = MenuViewController.swift; sourceTree = "<group>"; };
		93069B042659011600525E08 /* FeedTableViewCell.swift */ = {isa = PBXFileReference; lastKnownFileType = sourcecode.swift; path = FeedTableViewCell.swift; sourceTree = "<group>"; };
		930B9BFB265396EC008569B2 /* Video Editor.app */ = {isa = PBXFileReference; explicitFileType = wrapper.application; includeInIndex = 0; path = "Video Editor.app"; sourceTree = BUILT_PRODUCTS_DIR; };
		930B9BFE265396EC008569B2 /* AppDelegate.swift */ = {isa = PBXFileReference; lastKnownFileType = sourcecode.swift; path = AppDelegate.swift; sourceTree = "<group>"; };
		930B9C00265396EC008569B2 /* SceneDelegate.swift */ = {isa = PBXFileReference; lastKnownFileType = sourcecode.swift; path = SceneDelegate.swift; sourceTree = "<group>"; };
		930B9C02265396EC008569B2 /* EditorViewController.swift */ = {isa = PBXFileReference; lastKnownFileType = sourcecode.swift; path = EditorViewController.swift; sourceTree = "<group>"; };
		930B9C07265396F2008569B2 /* Assets.xcassets */ = {isa = PBXFileReference; lastKnownFileType = folder.assetcatalog; path = Assets.xcassets; sourceTree = "<group>"; };
		930B9C0A265396F2008569B2 /* Base */ = {isa = PBXFileReference; lastKnownFileType = file.storyboard; name = Base; path = Base.lproj/LaunchScreen.storyboard; sourceTree = "<group>"; };
		930B9C0C265396F2008569B2 /* Info.plist */ = {isa = PBXFileReference; lastKnownFileType = text.plist.xml; path = Info.plist; sourceTree = "<group>"; };
		930B9C122653A5F3008569B2 /* Video Editor.entitlements */ = {isa = PBXFileReference; lastKnownFileType = text.plist.entitlements; path = "Video Editor.entitlements"; sourceTree = "<group>"; };
		937E5C112657AFF600103054 /* CustomAlertView.swift */ = {isa = PBXFileReference; lastKnownFileType = sourcecode.swift; path = CustomAlertView.swift; sourceTree = "<group>"; };
/* End PBXFileReference section */

/* Begin PBXFrameworksBuildPhase section */
		930B9BF8265396EC008569B2 /* Frameworks */ = {
			isa = PBXFrameworksBuildPhase;
			buildActionMask = 2147483647;
			files = (
			);
			runOnlyForDeploymentPostprocessing = 0;
		};
/* End PBXFrameworksBuildPhase section */

/* Begin PBXGroup section */
		930B9BF2265396EC008569B2 = {
			isa = PBXGroup;
			children = (
				930B9BFD265396EC008569B2 /* Video Editor */,
				930B9BFC265396EC008569B2 /* Products */,
			);
			sourceTree = "<group>";
		};
		930B9BFC265396EC008569B2 /* Products */ = {
			isa = PBXGroup;
			children = (
				930B9BFB265396EC008569B2 /* Video Editor.app */,
			);
			name = Products;
			sourceTree = "<group>";
		};
		930B9BFD265396EC008569B2 /* Video Editor */ = {
			isa = PBXGroup;
			children = (
				930B9C122653A5F3008569B2 /* Video Editor.entitlements */,
				930B9BFE265396EC008569B2 /* AppDelegate.swift */,
				930B9C00265396EC008569B2 /* SceneDelegate.swift */,
				930B9C02265396EC008569B2 /* EditorViewController.swift */,
				93069B022658FBA800525E08 /* MenuViewController.swift */,
				93069B002658EC4F00525E08 /* FeedViewController.swift */,
				93069B042659011600525E08 /* FeedTableViewCell.swift */,
				937E5C112657AFF600103054 /* CustomAlertView.swift */,
				930B9C07265396F2008569B2 /* Assets.xcassets */,
				930B9C09265396F2008569B2 /* LaunchScreen.storyboard */,
				930B9C0C265396F2008569B2 /* Info.plist */,
			);
			path = "Video Editor";
			sourceTree = "<group>";
		};
/* End PBXGroup section */

/* Begin PBXNativeTarget section */
		930B9BFA265396EC008569B2 /* Video Editor */ = {
			isa = PBXNativeTarget;
			buildConfigurationList = 930B9C0F265396F2008569B2 /* Build configuration list for PBXNativeTarget "Video Editor" */;
			buildPhases = (
				930B9BF7265396EC008569B2 /* Sources */,
				930B9BF8265396EC008569B2 /* Frameworks */,
				930B9BF9265396EC008569B2 /* Resources */,
			);
			buildRules = (
			);
			dependencies = (
			);
			name = "Video Editor";
			productName = "Video Editor";
			productReference = 930B9BFB265396EC008569B2 /* Video Editor.app */;
			productType = "com.apple.product-type.application";
		};
/* End PBXNativeTarget section */

/* Begin PBXProject section */
		930B9BF3265396EC008569B2 /* Project object */ = {
			isa = PBXProject;
			attributes = {
				LastSwiftUpdateCheck = 1250;
				LastUpgradeCheck = 1250;
				TargetAttributes = {
					930B9BFA265396EC008569B2 = {
						CreatedOnToolsVersion = 12.5;
					};
				};
			};
			buildConfigurationList = 930B9BF6265396EC008569B2 /* Build configuration list for PBXProject "Video Editor" */;
			compatibilityVersion = "Xcode 9.3";
			developmentRegion = en;
			hasScannedForEncodings = 0;
			knownRegions = (
				en,
				Base,
			);
			mainGroup = 930B9BF2265396EC008569B2;
			productRefGroup = 930B9BFC265396EC008569B2 /* Products */;
			projectDirPath = "";
			projectRoot = "";
			targets = (
				930B9BFA265396EC008569B2 /* Video Editor */,
			);
		};
/* End PBXProject section */

/* Begin PBXResourcesBuildPhase section */
		930B9BF9265396EC008569B2 /* Resources */ = {
			isa = PBXResourcesBuildPhase;
			buildActionMask = 2147483647;
			files = (
				930B9C0B265396F2008569B2 /* LaunchScreen.storyboard in Resources */,
				930B9C08265396F2008569B2 /* Assets.xcassets in Resources */,
			);
			runOnlyForDeploymentPostprocessing = 0;
		};
/* End PBXResourcesBuildPhase section */

/* Begin PBXSourcesBuildPhase section */
		930B9BF7265396EC008569B2 /* Sources */ = {
			isa = PBXSourcesBuildPhase;
			buildActionMask = 2147483647;
			files = (
				930B9C03265396EC008569B2 /* EditorViewController.swift in Sources */,
				93069B032658FBA800525E08 /* MenuViewController.swift in Sources */,
				93069B052659011600525E08 /* FeedTableViewCell.swift in Sources */,
				930B9BFF265396EC008569B2 /* AppDelegate.swift in Sources */,
				93069B012658EC4F00525E08 /* FeedViewController.swift in Sources */,
				937E5C122657AFF600103054 /* CustomAlertView.swift in Sources */,
				930B9C01265396EC008569B2 /* SceneDelegate.swift in Sources */,
			);
			runOnlyForDeploymentPostprocessing = 0;
		};
/* End PBXSourcesBuildPhase section */

/* Begin PBXVariantGroup section */
		930B9C09265396F2008569B2 /* LaunchScreen.storyboard */ = {
			isa = PBXVariantGroup;
			children = (
				930B9C0A265396F2008569B2 /* Base */,
			);
			name = LaunchScreen.storyboard;
			sourceTree = "<group>";
		};
/* End PBXVariantGroup section */

/* Begin XCBuildConfiguration section */
		930B9C0D265396F2008569B2 /* Debug */ = {
			isa = XCBuildConfiguration;
			buildSettings = {
				ALWAYS_SEARCH_USER_PATHS = NO;
				CLANG_ANALYZER_NONNULL = YES;
				CLANG_ANALYZER_NUMBER_OBJECT_CONVERSION = YES_AGGRESSIVE;
				CLANG_CXX_LANGUAGE_STANDARD = "gnu++14";
				CLANG_CXX_LIBRARY = "libc++";
				CLANG_ENABLE_MODULES = YES;
				CLANG_ENABLE_OBJC_ARC = YES;
				CLANG_ENABLE_OBJC_WEAK = YES;
				CLANG_WARN_BLOCK_CAPTURE_AUTORELEASING = YES;
				CLANG_WARN_BOOL_CONVERSION = YES;
				CLANG_WARN_COMMA = YES;
				CLANG_WARN_CONSTANT_CONVERSION = YES;
				CLANG_WARN_DEPRECATED_OBJC_IMPLEMENTATIONS = YES;
				CLANG_WARN_DIRECT_OBJC_ISA_USAGE = YES_ERROR;
				CLANG_WARN_DOCUMENTATION_COMMENTS = YES;
				CLANG_WARN_EMPTY_BODY = YES;
				CLANG_WARN_ENUM_CONVERSION = YES;
				CLANG_WARN_INFINITE_RECURSION = YES;
				CLANG_WARN_INT_CONVERSION = YES;
				CLANG_WARN_NON_LITERAL_NULL_CONVERSION = YES;
				CLANG_WARN_OBJC_IMPLICIT_RETAIN_SELF = YES;
				CLANG_WARN_OBJC_LITERAL_CONVERSION = YES;
				CLANG_WARN_OBJC_ROOT_CLASS = YES_ERROR;
				CLANG_WARN_QUOTED_INCLUDE_IN_FRAMEWORK_HEADER = YES;
				CLANG_WARN_RANGE_LOOP_ANALYSIS = YES;
				CLANG_WARN_STRICT_PROTOTYPES = YES;
				CLANG_WARN_SUSPICIOUS_MOVE = YES;
				CLANG_WARN_UNGUARDED_AVAILABILITY = YES_AGGRESSIVE;
				CLANG_WARN_UNREACHABLE_CODE = YES;
				CLANG_WARN__DUPLICATE_METHOD_MATCH = YES;
				COPY_PHASE_STRIP = NO;
				DEBUG_INFORMATION_FORMAT = dwarf;
				ENABLE_STRICT_OBJC_MSGSEND = YES;
				ENABLE_TESTABILITY = YES;
				GCC_C_LANGUAGE_STANDARD = gnu11;
				GCC_DYNAMIC_NO_PIC = NO;
				GCC_NO_COMMON_BLOCKS = YES;
				GCC_OPTIMIZATION_LEVEL = 0;
				GCC_PREPROCESSOR_DEFINITIONS = (
					"DEBUG=1",
					"$(inherited)",
				);
				GCC_WARN_64_TO_32_BIT_CONVERSION = YES;
				GCC_WARN_ABOUT_RETURN_TYPE = YES_ERROR;
				GCC_WARN_UNDECLARED_SELECTOR = YES;
				GCC_WARN_UNINITIALIZED_AUTOS = YES_AGGRESSIVE;
				GCC_WARN_UNUSED_FUNCTION = YES;
				GCC_WARN_UNUSED_VARIABLE = YES;
				IPHONEOS_DEPLOYMENT_TARGET = 14.5;
				MTL_ENABLE_DEBUG_INFO = INCLUDE_SOURCE;
				MTL_FAST_MATH = YES;
				ONLY_ACTIVE_ARCH = YES;
				SDKROOT = iphoneos;
				SWIFT_ACTIVE_COMPILATION_CONDITIONS = DEBUG;
				SWIFT_OPTIMIZATION_LEVEL = "-Onone";
			};
			name = Debug;
		};
		930B9C0E265396F2008569B2 /* Release */ = {
			isa = XCBuildConfiguration;
			buildSettings = {
				ALWAYS_SEARCH_USER_PATHS = NO;
				CLANG_ANALYZER_NONNULL = YES;
				CLANG_ANALYZER_NUMBER_OBJECT_CONVERSION = YES_AGGRESSIVE;
				CLANG_CXX_LANGUAGE_STANDARD = "gnu++14";
				CLANG_CXX_LIBRARY = "libc++";
				CLANG_ENABLE_MODULES = YES;
				CLANG_ENABLE_OBJC_ARC = YES;
				CLANG_ENABLE_OBJC_WEAK = YES;
				CLANG_WARN_BLOCK_CAPTURE_AUTORELEASING = YES;
				CLANG_WARN_BOOL_CONVERSION = YES;
				CLANG_WARN_COMMA = YES;
				CLANG_WARN_CONSTANT_CONVERSION = YES;
				CLANG_WARN_DEPRECATED_OBJC_IMPLEMENTATIONS = YES;
				CLANG_WARN_DIRECT_OBJC_ISA_USAGE = YES_ERROR;
				CLANG_WARN_DOCUMENTATION_COMMENTS = YES;
				CLANG_WARN_EMPTY_BODY = YES;
				CLANG_WARN_ENUM_CONVERSION = YES;
				CLANG_WARN_INFINITE_RECURSION = YES;
				CLANG_WARN_INT_CONVERSION = YES;
				CLANG_WARN_NON_LITERAL_NULL_CONVERSION = YES;
				CLANG_WARN_OBJC_IMPLICIT_RETAIN_SELF = YES;
				CLANG_WARN_OBJC_LITERAL_CONVERSION = YES;
				CLANG_WARN_OBJC_ROOT_CLASS = YES_ERROR;
				CLANG_WARN_QUOTED_INCLUDE_IN_FRAMEWORK_HEADER = YES;
				CLANG_WARN_RANGE_LOOP_ANALYSIS = YES;
				CLANG_WARN_STRICT_PROTOTYPES = YES;
				CLANG_WARN_SUSPICIOUS_MOVE = YES;
				CLANG_WARN_UNGUARDED_AVAILABILITY = YES_AGGRESSIVE;
				CLANG_WARN_UNREACHABLE_CODE = YES;
				CLANG_WARN__DUPLICATE_METHOD_MATCH = YES;
				COPY_PHASE_STRIP = NO;
				DEBUG_INFORMATION_FORMAT = "dwarf-with-dsym";
				ENABLE_NS_ASSERTIONS = NO;
				ENABLE_STRICT_OBJC_MSGSEND = YES;
				GCC_C_LANGUAGE_STANDARD = gnu11;
				GCC_NO_COMMON_BLOCKS = YES;
				GCC_WARN_64_TO_32_BIT_CONVERSION = YES;
				GCC_WARN_ABOUT_RETURN_TYPE = YES_ERROR;
				GCC_WARN_UNDECLARED_SELECTOR = YES;
				GCC_WARN_UNINITIALIZED_AUTOS = YES_AGGRESSIVE;
				GCC_WARN_UNUSED_FUNCTION = YES;
				GCC_WARN_UNUSED_VARIABLE = YES;
				IPHONEOS_DEPLOYMENT_TARGET = 14.5;
				MTL_ENABLE_DEBUG_INFO = NO;
				MTL_FAST_MATH = YES;
				SDKROOT = iphoneos;
				SWIFT_COMPILATION_MODE = wholemodule;
				SWIFT_OPTIMIZATION_LEVEL = "-O";
				VALIDATE_PRODUCT = YES;
			};
			name = Release;
		};
		930B9C10265396F2008569B2 /* Debug */ = {
			isa = XCBuildConfiguration;
			buildSettings = {
				ASSETCATALOG_COMPILER_APPICON_NAME = AppIcon;
				ASSETCATALOG_COMPILER_GLOBAL_ACCENT_COLOR_NAME = AccentColor;
				CODE_SIGN_ENTITLEMENTS = "Video Editor/Video Editor.entitlements";
				CODE_SIGN_STYLE = Automatic;
				DEVELOPMENT_TEAM = PDQMZD7TQ5;
				INFOPLIST_FILE = "Video Editor/Info.plist";
				LD_RUNPATH_SEARCH_PATHS = (
					"$(inherited)",
					"@executable_path/Frameworks",
				);
				PRODUCT_BUNDLE_IDENTIFIER = "com.KrishShah.Video-Editor";
				PRODUCT_NAME = "$(TARGET_NAME)";
				SUPPORTS_MACCATALYST = YES;
				SWIFT_VERSION = 5.0;
				TARGETED_DEVICE_FAMILY = "1,2";
			};
			name = Debug;
		};
		930B9C11265396F2008569B2 /* Release */ = {
			isa = XCBuildConfiguration;
			buildSettings = {
				ASSETCATALOG_COMPILER_APPICON_NAME = AppIcon;
				ASSETCATALOG_COMPILER_GLOBAL_ACCENT_COLOR_NAME = AccentColor;
				CODE_SIGN_ENTITLEMENTS = "Video Editor/Video Editor.entitlements";
				CODE_SIGN_STYLE = Automatic;
				DEVELOPMENT_TEAM = PDQMZD7TQ5;
				INFOPLIST_FILE = "Video Editor/Info.plist";
				LD_RUNPATH_SEARCH_PATHS = (
					"$(inherited)",
					"@executable_path/Frameworks",
				);
				PRODUCT_BUNDLE_IDENTIFIER = "com.KrishShah.Video-Editor";
				PRODUCT_NAME = "$(TARGET_NAME)";
				SUPPORTS_MACCATALYST = YES;
				SWIFT_VERSION = 5.0;
				TARGETED_DEVICE_FAMILY = "1,2";
			};
			name = Release;
		};
/* End XCBuildConfiguration section */

/* Begin XCConfigurationList section */
		930B9BF6265396EC008569B2 /* Build configuration list for PBXProject "Video Editor" */ = {
			isa = XCConfigurationList;
			buildConfigurations = (
				930B9C0D265396F2008569B2 /* Debug */,
				930B9C0E265396F2008569B2 /* Release */,
			);
			defaultConfigurationIsVisible = 0;
			defaultConfigurationName = Release;
		};
		930B9C0F265396F2008569B2 /* Build configuration list for PBXNativeTarget "Video Editor" */ = {
			isa = XCConfigurationList;
			buildConfigurations = (
				930B9C10265396F2008569B2 /* Debug */,
				930B9C11265396F2008569B2 /* Release */,
			);
			defaultConfigurationIsVisible = 0;
			defaultConfigurationName = Release;
		};
/* End XCConfigurationList section */
	};
	rootObject = 930B9BF3265396EC008569B2 /* Project object */;
}
